// !$*UTF8*$!
{
	archiveVersion = 1;
	classes = {
	};
	objectVersion = 50;
	objects = {

/* Begin PBXBuildFile section */
		A33C4332224D38E500393AE8 /* AppDelegate.swift in Sources */ = {isa = PBXBuildFile; fileRef = A33C4331224D38E500393AE8 /* AppDelegate.swift */; };
		A33C4334224D38E500393AE8 /* ViewController.swift in Sources */ = {isa = PBXBuildFile; fileRef = A33C4333224D38E500393AE8 /* ViewController.swift */; };
		A33C4337224D38E500393AE8 /* Main.storyboard in Resources */ = {isa = PBXBuildFile; fileRef = A33C4335224D38E500393AE8 /* Main.storyboard */; };
		A33C4339224D38E700393AE8 /* Assets.xcassets in Resources */ = {isa = PBXBuildFile; fileRef = A33C4338224D38E700393AE8 /* Assets.xcassets */; };
		A33C433C224D38E700393AE8 /* LaunchScreen.storyboard in Resources */ = {isa = PBXBuildFile; fileRef = A33C433A224D38E700393AE8 /* LaunchScreen.storyboard */; };
		A33C4347224D38E700393AE8 /* ApplePayTests.swift in Sources */ = {isa = PBXBuildFile; fileRef = A33C4346224D38E700393AE8 /* ApplePayTests.swift */; };
		A33C4352224D38E700393AE8 /* ApplePayUITests.swift in Sources */ = {isa = PBXBuildFile; fileRef = A33C4351224D38E700393AE8 /* ApplePayUITests.swift */; };
/* End PBXBuildFile section */

/* Begin PBXContainerItemProxy section */
		A33C4343224D38E700393AE8 /* PBXContainerItemProxy */ = {
			isa = PBXContainerItemProxy;
			containerPortal = A33C4326224D38E500393AE8 /* Project object */;
			proxyType = 1;
			remoteGlobalIDString = A33C432D224D38E500393AE8;
			remoteInfo = ApplePay;
		};
		A33C434E224D38E700393AE8 /* PBXContainerItemProxy */ = {
			isa = PBXContainerItemProxy;
			containerPortal = A33C4326224D38E500393AE8 /* Project object */;
			proxyType = 1;
			remoteGlobalIDString = A33C432D224D38E500393AE8;
			remoteInfo = ApplePay;
		};
/* End PBXContainerItemProxy section */

/* Begin PBXFileReference section */
		A33C432E224D38E500393AE8 /* ApplePay.app */ = {isa = PBXFileReference; explicitFileType = wrapper.application; includeInIndex = 0; path = ApplePay.app; sourceTree = BUILT_PRODUCTS_DIR; };
		A33C4331224D38E500393AE8 /* AppDelegate.swift */ = {isa = PBXFileReference; lastKnownFileType = sourcecode.swift; path = AppDelegate.swift; sourceTree = "<group>"; };
		A33C4333224D38E500393AE8 /* ViewController.swift */ = {isa = PBXFileReference; lastKnownFileType = sourcecode.swift; path = ViewController.swift; sourceTree = "<group>"; };
		A33C4336224D38E500393AE8 /* Base */ = {isa = PBXFileReference; lastKnownFileType = file.storyboard; name = Base; path = Base.lproj/Main.storyboard; sourceTree = "<group>"; };
		A33C4338224D38E700393AE8 /* Assets.xcassets */ = {isa = PBXFileReference; lastKnownFileType = folder.assetcatalog; path = Assets.xcassets; sourceTree = "<group>"; };
		A33C433B224D38E700393AE8 /* Base */ = {isa = PBXFileReference; lastKnownFileType = file.storyboard; name = Base; path = Base.lproj/LaunchScreen.storyboard; sourceTree = "<group>"; };
		A33C433D224D38E700393AE8 /* Info.plist */ = {isa = PBXFileReference; lastKnownFileType = text.plist.xml; path = Info.plist; sourceTree = "<group>"; };
		A33C4342224D38E700393AE8 /* ApplePayTests.xctest */ = {isa = PBXFileReference; explicitFileType = wrapper.cfbundle; includeInIndex = 0; path = ApplePayTests.xctest; sourceTree = BUILT_PRODUCTS_DIR; };
		A33C4346224D38E700393AE8 /* ApplePayTests.swift */ = {isa = PBXFileReference; lastKnownFileType = sourcecode.swift; path = ApplePayTests.swift; sourceTree = "<group>"; };
		A33C4348224D38E700393AE8 /* Info.plist */ = {isa = PBXFileReference; lastKnownFileType = text.plist.xml; path = Info.plist; sourceTree = "<group>"; };
		A33C434D224D38E700393AE8 /* ApplePayUITests.xctest */ = {isa = PBXFileReference; explicitFileType = wrapper.cfbundle; includeInIndex = 0; path = ApplePayUITests.xctest; sourceTree = BUILT_PRODUCTS_DIR; };
		A33C4351224D38E700393AE8 /* ApplePayUITests.swift */ = {isa = PBXFileReference; lastKnownFileType = sourcecode.swift; path = ApplePayUITests.swift; sourceTree = "<group>"; };
		A33C4353224D38E700393AE8 /* Info.plist */ = {isa = PBXFileReference; lastKnownFileType = text.plist.xml; path = Info.plist; sourceTree = "<group>"; };
		A3A1EDFD2255469100011BD7 /* ApplePay.entitlements */ = {isa = PBXFileReference; lastKnownFileType = text.plist.entitlements; path = ApplePay.entitlements; sourceTree = "<group>"; };
/* End PBXFileReference section */

/* Begin PBXFrameworksBuildPhase section */
		A33C432B224D38E500393AE8 /* Frameworks */ = {
			isa = PBXFrameworksBuildPhase;
			buildActionMask = 2147483647;
			files = (
			);
			runOnlyForDeploymentPostprocessing = 0;
		};
		A33C433F224D38E700393AE8 /* Frameworks */ = {
			isa = PBXFrameworksBuildPhase;
			buildActionMask = 2147483647;
			files = (
			);
			runOnlyForDeploymentPostprocessing = 0;
		};
		A33C434A224D38E700393AE8 /* Frameworks */ = {
			isa = PBXFrameworksBuildPhase;
			buildActionMask = 2147483647;
			files = (
			);
			runOnlyForDeploymentPostprocessing = 0;
		};
/* End PBXFrameworksBuildPhase section */

/* Begin PBXGroup section */
		A33C4325224D38E500393AE8 = {
			isa = PBXGroup;
			children = (
				A33C4330224D38E500393AE8 /* ApplePay */,
				A33C4345224D38E700393AE8 /* ApplePayTests */,
				A33C4350224D38E700393AE8 /* ApplePayUITests */,
				A33C432F224D38E500393AE8 /* Products */,
			);
			sourceTree = "<group>";
		};
		A33C432F224D38E500393AE8 /* Products */ = {
			isa = PBXGroup;
			children = (
				A33C432E224D38E500393AE8 /* ApplePay.app */,
				A33C4342224D38E700393AE8 /* ApplePayTests.xctest */,
				A33C434D224D38E700393AE8 /* ApplePayUITests.xctest */,
			);
			name = Products;
			sourceTree = "<group>";
		};
		A33C4330224D38E500393AE8 /* ApplePay */ = {
			isa = PBXGroup;
			children = (
				A3A1EDFD2255469100011BD7 /* ApplePay.entitlements */,
				A33C4331224D38E500393AE8 /* AppDelegate.swift */,
				A33C4333224D38E500393AE8 /* ViewController.swift */,
				A33C4335224D38E500393AE8 /* Main.storyboard */,
				A33C4338224D38E700393AE8 /* Assets.xcassets */,
				A33C433A224D38E700393AE8 /* LaunchScreen.storyboard */,
				A33C433D224D38E700393AE8 /* Info.plist */,
			);
			path = ApplePay;
			sourceTree = "<group>";
		};
		A33C4345224D38E700393AE8 /* ApplePayTests */ = {
			isa = PBXGroup;
			children = (
				A33C4346224D38E700393AE8 /* ApplePayTests.swift */,
				A33C4348224D38E700393AE8 /* Info.plist */,
			);
			path = ApplePayTests;
			sourceTree = "<group>";
		};
		A33C4350224D38E700393AE8 /* ApplePayUITests */ = {
			isa = PBXGroup;
			children = (
				A33C4351224D38E700393AE8 /* ApplePayUITests.swift */,
				A33C4353224D38E700393AE8 /* Info.plist */,
			);
			path = ApplePayUITests;
			sourceTree = "<group>";
		};
/* End PBXGroup section */

/* Begin PBXNativeTarget section */
		A33C432D224D38E500393AE8 /* ApplePay */ = {
			isa = PBXNativeTarget;
			buildConfigurationList = A33C4356224D38E700393AE8 /* Build configuration list for PBXNativeTarget "ApplePay" */;
			buildPhases = (
				A33C432A224D38E500393AE8 /* Sources */,
				A33C432B224D38E500393AE8 /* Frameworks */,
				A33C432C224D38E500393AE8 /* Resources */,
			);
			buildRules = (
			);
			dependencies = (
			);
			name = ApplePay;
			productName = ApplePay;
			productReference = A33C432E224D38E500393AE8 /* ApplePay.app */;
			productType = "com.apple.product-type.application";
		};
		A33C4341224D38E700393AE8 /* ApplePayTests */ = {
			isa = PBXNativeTarget;
			buildConfigurationList = A33C4359224D38E700393AE8 /* Build configuration list for PBXNativeTarget "ApplePayTests" */;
			buildPhases = (
				A33C433E224D38E700393AE8 /* Sources */,
				A33C433F224D38E700393AE8 /* Frameworks */,
				A33C4340224D38E700393AE8 /* Resources */,
			);
			buildRules = (
			);
			dependencies = (
				A33C4344224D38E700393AE8 /* PBXTargetDependency */,
			);
			name = ApplePayTests;
			productName = ApplePayTests;
			productReference = A33C4342224D38E700393AE8 /* ApplePayTests.xctest */;
			productType = "com.apple.product-type.bundle.unit-test";
		};
		A33C434C224D38E700393AE8 /* ApplePayUITests */ = {
			isa = PBXNativeTarget;
			buildConfigurationList = A33C435C224D38E700393AE8 /* Build configuration list for PBXNativeTarget "ApplePayUITests" */;
			buildPhases = (
				A33C4349224D38E700393AE8 /* Sources */,
				A33C434A224D38E700393AE8 /* Frameworks */,
				A33C434B224D38E700393AE8 /* Resources */,
			);
			buildRules = (
			);
			dependencies = (
				A33C434F224D38E700393AE8 /* PBXTargetDependency */,
			);
			name = ApplePayUITests;
			productName = ApplePayUITests;
			productReference = A33C434D224D38E700393AE8 /* ApplePayUITests.xctest */;
			productType = "com.apple.product-type.bundle.ui-testing";
		};
/* End PBXNativeTarget section */

/* Begin PBXProject section */
		A33C4326224D38E500393AE8 /* Project object */ = {
			isa = PBXProject;
			attributes = {
				LastSwiftUpdateCheck = 1010;
				LastUpgradeCheck = 1010;
				ORGANIZATIONNAME = Himanshu;
				TargetAttributes = {
					A33C432D224D38E500393AE8 = {
						CreatedOnToolsVersion = 10.1;
						SystemCapabilities = {
							com.apple.ApplePay = {
								enabled = 1;
							};
						};
					};
					A33C4341224D38E700393AE8 = {
						CreatedOnToolsVersion = 10.1;
						TestTargetID = A33C432D224D38E500393AE8;
					};
					A33C434C224D38E700393AE8 = {
						CreatedOnToolsVersion = 10.1;
						TestTargetID = A33C432D224D38E500393AE8;
					};
				};
			};
			buildConfigurationList = A33C4329224D38E500393AE8 /* Build configuration list for PBXProject "ApplePay" */;
			compatibilityVersion = "Xcode 9.3";
			developmentRegion = en;
			hasScannedForEncodings = 0;
			knownRegions = (
				en,
				Base,
			);
			mainGroup = A33C4325224D38E500393AE8;
			productRefGroup = A33C432F224D38E500393AE8 /* Products */;
			projectDirPath = "";
			projectRoot = "";
			targets = (
				A33C432D224D38E500393AE8 /* ApplePay */,
				A33C4341224D38E700393AE8 /* ApplePayTests */,
				A33C434C224D38E700393AE8 /* ApplePayUITests */,
			);
		};
/* End PBXProject section */

/* Begin PBXResourcesBuildPhase section */
		A33C432C224D38E500393AE8 /* Resources */ = {
			isa = PBXResourcesBuildPhase;
			buildActionMask = 2147483647;
			files = (
				A33C433C224D38E700393AE8 /* LaunchScreen.storyboard in Resources */,
				A33C4339224D38E700393AE8 /* Assets.xcassets in Resources */,
				A33C4337224D38E500393AE8 /* Main.storyboard in Resources */,
			);
			runOnlyForDeploymentPostprocessing = 0;
		};
		A33C4340224D38E700393AE8 /* Resources */ = {
			isa = PBXResourcesBuildPhase;
			buildActionMask = 2147483647;
			files = (
			);
			runOnlyForDeploymentPostprocessing = 0;
		};
		A33C434B224D38E700393AE8 /* Resources */ = {
			isa = PBXResourcesBuildPhase;
			buildActionMask = 2147483647;
			files = (
			);
			runOnlyForDeploymentPostprocessing = 0;
		};
/* End PBXResourcesBuildPhase section */

/* Begin PBXSourcesBuildPhase section */
		A33C432A224D38E500393AE8 /* Sources */ = {
			isa = PBXSourcesBuildPhase;
			buildActionMask = 2147483647;
			files = (
				A33C4334224D38E500393AE8 /* ViewController.swift in Sources */,
				A33C4332224D38E500393AE8 /* AppDelegate.swift in Sources */,
			);
			runOnlyForDeploymentPostprocessing = 0;
		};
		A33C433E224D38E700393AE8 /* Sources */ = {
			isa = PBXSourcesBuildPhase;
			buildActionMask = 2147483647;
			files = (
				A33C4347224D38E700393AE8 /* ApplePayTests.swift in Sources */,
			);
			runOnlyForDeploymentPostprocessing = 0;
		};
		A33C4349224D38E700393AE8 /* Sources */ = {
			isa = PBXSourcesBuildPhase;
			buildActionMask = 2147483647;
			files = (
				A33C4352224D38E700393AE8 /* ApplePayUITests.swift in Sources */,
			);
			runOnlyForDeploymentPostprocessing = 0;
		};
/* End PBXSourcesBuildPhase section */

/* Begin PBXTargetDependency section */
		A33C4344224D38E700393AE8 /* PBXTargetDependency */ = {
			isa = PBXTargetDependency;
			target = A33C432D224D38E500393AE8 /* ApplePay */;
			targetProxy = A33C4343224D38E700393AE8 /* PBXContainerItemProxy */;
		};
		A33C434F224D38E700393AE8 /* PBXTargetDependency */ = {
			isa = PBXTargetDependency;
			target = A33C432D224D38E500393AE8 /* ApplePay */;
			targetProxy = A33C434E224D38E700393AE8 /* PBXContainerItemProxy */;
		};
/* End PBXTargetDependency section */

/* Begin PBXVariantGroup section */
		A33C4335224D38E500393AE8 /* Main.storyboard */ = {
			isa = PBXVariantGroup;
			children = (
				A33C4336224D38E500393AE8 /* Base */,
			);
			name = Main.storyboard;
			sourceTree = "<group>";
		};
		A33C433A224D38E700393AE8 /* LaunchScreen.storyboard */ = {
			isa = PBXVariantGroup;
			children = (
				A33C433B224D38E700393AE8 /* Base */,
			);
			name = LaunchScreen.storyboard;
			sourceTree = "<group>";
		};
/* End PBXVariantGroup section */

/* Begin XCBuildConfiguration section */
		A33C4354224D38E700393AE8 /* Debug */ = {
			isa = XCBuildConfiguration;
			buildSettings = {
				ALWAYS_SEARCH_USER_PATHS = NO;
				CLANG_ANALYZER_NONNULL = YES;
				CLANG_ANALYZER_NUMBER_OBJECT_CONVERSION = YES_AGGRESSIVE;
				CLANG_CXX_LANGUAGE_STANDARD = "gnu++14";
				CLANG_CXX_LIBRARY = "libc++";
				CLANG_ENABLE_MODULES = YES;
				CLANG_ENABLE_OBJC_ARC = YES;
				CLANG_ENABLE_OBJC_WEAK = YES;
				CLANG_WARN_BLOCK_CAPTURE_AUTORELEASING = YES;
				CLANG_WARN_BOOL_CONVERSION = YES;
				CLANG_WARN_COMMA = YES;
				CLANG_WARN_CONSTANT_CONVERSION = YES;
				CLANG_WARN_DEPRECATED_OBJC_IMPLEMENTATIONS = YES;
				CLANG_WARN_DIRECT_OBJC_ISA_USAGE = YES_ERROR;
				CLANG_WARN_DOCUMENTATION_COMMENTS = YES;
				CLANG_WARN_EMPTY_BODY = YES;
				CLANG_WARN_ENUM_CONVERSION = YES;
				CLANG_WARN_INFINITE_RECURSION = YES;
				CLANG_WARN_INT_CONVERSION = YES;
				CLANG_WARN_NON_LITERAL_NULL_CONVERSION = YES;
				CLANG_WARN_OBJC_IMPLICIT_RETAIN_SELF = YES;
				CLANG_WARN_OBJC_LITERAL_CONVERSION = YES;
				CLANG_WARN_OBJC_ROOT_CLASS = YES_ERROR;
				CLANG_WARN_RANGE_LOOP_ANALYSIS = YES;
				CLANG_WARN_STRICT_PROTOTYPES = YES;
				CLANG_WARN_SUSPICIOUS_MOVE = YES;
				CLANG_WARN_UNGUARDED_AVAILABILITY = YES_AGGRESSIVE;
				CLANG_WARN_UNREACHABLE_CODE = YES;
				CLANG_WARN__DUPLICATE_METHOD_MATCH = YES;
				CODE_SIGN_IDENTITY = "iPhone Developer: himanshub@zone24x7.com (4255Q267Z7)";
				COPY_PHASE_STRIP = NO;
				DEBUG_INFORMATION_FORMAT = dwarf;
				ENABLE_STRICT_OBJC_MSGSEND = YES;
				ENABLE_TESTABILITY = YES;
				GCC_C_LANGUAGE_STANDARD = gnu11;
				GCC_DYNAMIC_NO_PIC = NO;
				GCC_NO_COMMON_BLOCKS = YES;
				GCC_OPTIMIZATION_LEVEL = 0;
				GCC_PREPROCESSOR_DEFINITIONS = (
					"DEBUG=1",
					"$(inherited)",
				);
				GCC_WARN_64_TO_32_BIT_CONVERSION = YES;
				GCC_WARN_ABOUT_RETURN_TYPE = YES_ERROR;
				GCC_WARN_UNDECLARED_SELECTOR = YES;
				GCC_WARN_UNINITIALIZED_AUTOS = YES_AGGRESSIVE;
				GCC_WARN_UNUSED_FUNCTION = YES;
				GCC_WARN_UNUSED_VARIABLE = YES;
				IPHONEOS_DEPLOYMENT_TARGET = 12.1;
				MTL_ENABLE_DEBUG_INFO = INCLUDE_SOURCE;
				MTL_FAST_MATH = YES;
				ONLY_ACTIVE_ARCH = YES;
				SDKROOT = iphoneos;
				SWIFT_ACTIVE_COMPILATION_CONDITIONS = DEBUG;
				SWIFT_OPTIMIZATION_LEVEL = "-Onone";
			};
			name = Debug;
		};
		A33C4355224D38E700393AE8 /* Release */ = {
			isa = XCBuildConfiguration;
			buildSettings = {
				ALWAYS_SEARCH_USER_PATHS = NO;
				CLANG_ANALYZER_NONNULL = YES;
				CLANG_ANALYZER_NUMBER_OBJECT_CONVERSION = YES_AGGRESSIVE;
				CLANG_CXX_LANGUAGE_STANDARD = "gnu++14";
				CLANG_CXX_LIBRARY = "libc++";
				CLANG_ENABLE_MODULES = YES;
				CLANG_ENABLE_OBJC_ARC = YES;
				CLANG_ENABLE_OBJC_WEAK = YES;
				CLANG_WARN_BLOCK_CAPTURE_AUTORELEASING = YES;
				CLANG_WARN_BOOL_CONVERSION = YES;
				CLANG_WARN_COMMA = YES;
				CLANG_WARN_CONSTANT_CONVERSION = YES;
				CLANG_WARN_DEPRECATED_OBJC_IMPLEMENTATIONS = YES;
				CLANG_WARN_DIRECT_OBJC_ISA_USAGE = YES_ERROR;
				CLANG_WARN_DOCUMENTATION_COMMENTS = YES;
				CLANG_WARN_EMPTY_BODY = YES;
				CLANG_WARN_ENUM_CONVERSION = YES;
				CLANG_WARN_INFINITE_RECURSION = YES;
				CLANG_WARN_INT_CONVERSION = YES;
				CLANG_WARN_NON_LITERAL_NULL_CONVERSION = YES;
				CLANG_WARN_OBJC_IMPLICIT_RETAIN_SELF = YES;
				CLANG_WARN_OBJC_LITERAL_CONVERSION = YES;
				CLANG_WARN_OBJC_ROOT_CLASS = YES_ERROR;
				CLANG_WARN_RANGE_LOOP_ANALYSIS = YES;
				CLANG_WARN_STRICT_PROTOTYPES = YES;
				CLANG_WARN_SUSPICIOUS_MOVE = YES;
				CLANG_WARN_UNGUARDED_AVAILABILITY = YES_AGGRESSIVE;
				CLANG_WARN_UNREACHABLE_CODE = YES;
				CLANG_WARN__DUPLICATE_METHOD_MATCH = YES;
				CODE_SIGN_IDENTITY = "iPhone Developer: himanshub@zone24x7.com (4255Q267Z7)";
				COPY_PHASE_STRIP = NO;
				DEBUG_INFORMATION_FORMAT = "dwarf-with-dsym";
				ENABLE_NS_ASSERTIONS = NO;
				ENABLE_STRICT_OBJC_MSGSEND = YES;
				GCC_C_LANGUAGE_STANDARD = gnu11;
				GCC_NO_COMMON_BLOCKS = YES;
				GCC_WARN_64_TO_32_BIT_CONVERSION = YES;
				GCC_WARN_ABOUT_RETURN_TYPE = YES_ERROR;
				GCC_WARN_UNDECLARED_SELECTOR = YES;
				GCC_WARN_UNINITIALIZED_AUTOS = YES_AGGRESSIVE;
				GCC_WARN_UNUSED_FUNCTION = YES;
				GCC_WARN_UNUSED_VARIABLE = YES;
				IPHONEOS_DEPLOYMENT_TARGET = 12.1;
				MTL_ENABLE_DEBUG_INFO = NO;
				MTL_FAST_MATH = YES;
				SDKROOT = iphoneos;
				SWIFT_COMPILATION_MODE = wholemodule;
				SWIFT_OPTIMIZATION_LEVEL = "-O";
				VALIDATE_PRODUCT = YES;
			};
			name = Release;
		};
		A33C4357224D38E700393AE8 /* Debug */ = {
			isa = XCBuildConfiguration;
			buildSettings = {
				ASSETCATALOG_COMPILER_APPICON_NAME = AppIcon;
				CODE_SIGN_ENTITLEMENTS = ApplePay/ApplePay.entitlements;
				CODE_SIGN_STYLE = Automatic;
				DEVELOPMENT_TEAM = 24F7DN868B;
				INFOPLIST_FILE = ApplePay/Info.plist;
				LD_RUNPATH_SEARCH_PATHS = (
					"$(inherited)",
					"@executable_path/Frameworks",
				);
				PRODUCT_BUNDLE_IDENTIFIER = Kohls.ApplePay;
				PRODUCT_NAME = "$(TARGET_NAME)";
				SWIFT_VERSION = 4.2;
				TARGETED_DEVICE_FAMILY = "1,2";
			};
			name = Debug;
		};
		A33C4358224D38E700393AE8 /* Release */ = {
			isa = XCBuildConfiguration;
			buildSettings = {
				ASSETCATALOG_COMPILER_APPICON_NAME = AppIcon;
				CODE_SIGN_ENTITLEMENTS = ApplePay/ApplePay.entitlements;
				CODE_SIGN_STYLE = Automatic;
				DEVELOPMENT_TEAM = 24F7DN868B;
				INFOPLIST_FILE = ApplePay/Info.plist;
				LD_RUNPATH_SEARCH_PATHS = (
					"$(inherited)",
					"@executable_path/Frameworks",
				);
				PRODUCT_BUNDLE_IDENTIFIER = Kohls.ApplePay;
				PRODUCT_NAME = "$(TARGET_NAME)";
				SWIFT_VERSION = 4.2;
				TARGETED_DEVICE_FAMILY = "1,2";
			};
			name = Release;
		};
		A33C435A224D38E700393AE8 /* Debug */ = {
			isa = XCBuildConfiguration;
			buildSettings = {
				ALWAYS_EMBED_SWIFT_STANDARD_LIBRARIES = YES;
				BUNDLE_LOADER = "$(TEST_HOST)";
				CODE_SIGN_STYLE = Automatic;
				DEVELOPMENT_TEAM = 534BSC73NW;
				INFOPLIST_FILE = ApplePayTests/Info.plist;
				LD_RUNPATH_SEARCH_PATHS = (
					"$(inherited)",
					"@executable_path/Frameworks",
					"@loader_path/Frameworks",
				);
				PRODUCT_BUNDLE_IDENTIFIER = Kohls.ApplePayTests;
				PRODUCT_NAME = "$(TARGET_NAME)";
				SWIFT_VERSION = 4.2;
				TARGETED_DEVICE_FAMILY = "1,2";
				TEST_HOST = "$(BUILT_PRODUCTS_DIR)/ApplePay.app/ApplePay";
			};
			name = Debug;
		};
		A33C435B224D38E700393AE8 /* Release */ = {
			isa = XCBuildConfiguration;
			buildSettings = {
				ALWAYS_EMBED_SWIFT_STANDARD_LIBRARIES = YES;
				BUNDLE_LOADER = "$(TEST_HOST)";
				CODE_SIGN_STYLE = Automatic;
				DEVELOPMENT_TEAM = 534BSC73NW;
				INFOPLIST_FILE = ApplePayTests/Info.plist;
				LD_RUNPATH_SEARCH_PATHS = (
					"$(inherited)",
					"@executable_path/Frameworks",
					"@loader_path/Frameworks",
				);
				PRODUCT_BUNDLE_IDENTIFIER = Kohls.ApplePayTests;
				PRODUCT_NAME = "$(TARGET_NAME)";
				SWIFT_VERSION = 4.2;
				TARGETED_DEVICE_FAMILY = "1,2";
				TEST_HOST = "$(BUILT_PRODUCTS_DIR)/ApplePay.app/ApplePay";
			};
			name = Release;
		};
		A33C435D224D38E700393AE8 /* Debug */ = {
			isa = XCBuildConfiguration;
			buildSettings = {
				ALWAYS_EMBED_SWIFT_STANDARD_LIBRARIES = YES;
				CODE_SIGN_STYLE = Automatic;
				DEVELOPMENT_TEAM = 534BSC73NW;
				INFOPLIST_FILE = ApplePayUITests/Info.plist;
				LD_RUNPATH_SEARCH_PATHS = (
					"$(inherited)",
					"@executable_path/Frameworks",
					"@loader_path/Frameworks",
				);
				PRODUCT_BUNDLE_IDENTIFIER = Kohls.ApplePayUITests;
				PRODUCT_NAME = "$(TARGET_NAME)";
				SWIFT_VERSION = 4.2;
				TARGETED_DEVICE_FAMILY = "1,2";
				TEST_TARGET_NAME = ApplePay;
			};
			name = Debug;
		};
		A33C435E224D38E700393AE8 /* Release */ = {
			isa = XCBuildConfiguration;
			buildSettings = {
				ALWAYS_EMBED_SWIFT_STANDARD_LIBRARIES = YES;
				CODE_SIGN_STYLE = Automatic;
				DEVELOPMENT_TEAM = 534BSC73NW;
				INFOPLIST_FILE = ApplePayUITests/Info.plist;
				LD_RUNPATH_SEARCH_PATHS = (
					"$(inherited)",
					"@executable_path/Frameworks",
					"@loader_path/Frameworks",
				);
				PRODUCT_BUNDLE_IDENTIFIER = Kohls.ApplePayUITests;
				PRODUCT_NAME = "$(TARGET_NAME)";
				SWIFT_VERSION = 4.2;
				TARGETED_DEVICE_FAMILY = "1,2";
				TEST_TARGET_NAME = ApplePay;
			};
			name = Release;
		};
/* End XCBuildConfiguration section */

/* Begin XCConfigurationList section */
		A33C4329224D38E500393AE8 /* Build configuration list for PBXProject "ApplePay" */ = {
			isa = XCConfigurationList;
			buildConfigurations = (
				A33C4354224D38E700393AE8 /* Debug */,
				A33C4355224D38E700393AE8 /* Release */,
			);
			defaultConfigurationIsVisible = 0;
			defaultConfigurationName = Release;
		};
		A33C4356224D38E700393AE8 /* Build configuration list for PBXNativeTarget "ApplePay" */ = {
			isa = XCConfigurationList;
			buildConfigurations = (
				A33C4357224D38E700393AE8 /* Debug */,
				A33C4358224D38E700393AE8 /* Release */,
			);
			defaultConfigurationIsVisible = 0;
			defaultConfigurationName = Release;
		};
		A33C4359224D38E700393AE8 /* Build configuration list for PBXNativeTarget "ApplePayTests" */ = {
			isa = XCConfigurationList;
			buildConfigurations = (
				A33C435A224D38E700393AE8 /* Debug */,
				A33C435B224D38E700393AE8 /* Release */,
			);
			defaultConfigurationIsVisible = 0;
			defaultConfigurationName = Release;
		};
		A33C435C224D38E700393AE8 /* Build configuration list for PBXNativeTarget "ApplePayUITests" */ = {
			isa = XCConfigurationList;
			buildConfigurations = (
				A33C435D224D38E700393AE8 /* Debug */,
				A33C435E224D38E700393AE8 /* Release */,
			);
			defaultConfigurationIsVisible = 0;
			defaultConfigurationName = Release;
		};
/* End XCConfigurationList section */
	};
	rootObject = A33C4326224D38E500393AE8 /* Project object */;
}
